{
  "nodes": {
    "nixpkgs": {
      "locked": {
        "lastModified": 1675342524,
        "narHash": "sha256-MwXfRQh9yurXPLSihbJGHde98uBMH0zC6OhmPi4eoFI=",
        "owner": "nixos",
        "repo": "nixpkgs",
        "rev": "f7455fa16579ad5a35c52b1cb5c7cfe6e07b6f46",
        "type": "github"
      },
      "original": {
        "owner": "nixos",
        "repo": "nixpkgs",
        "type": "github"
      }
    },
    "root": {
      "inputs": {
        "nixpkgs": "nixpkgs"
      }
    }
  },
  "root": "root",
  "version": 7
}
